# This file is automatically @generated by Cargo.
# It is not intended for manual editing.
[[package]]
name = "ansi_term"
version = "0.12.1"
source = "registry+https://github.com/rust-lang/crates.io-index"
dependencies = [
 "winapi 0.3.9 (registry+https://github.com/rust-lang/crates.io-index)",
]

[[package]]
name = "arrayref"
version = "0.3.6"
source = "registry+https://github.com/rust-lang/crates.io-index"

[[package]]
name = "arrayvec"
version = "0.4.12"
source = "registry+https://github.com/rust-lang/crates.io-index"
dependencies = [
 "nodrop 0.1.14 (registry+https://github.com/rust-lang/crates.io-index)",
]

[[package]]
name = "arrayvec"
version = "0.5.1"
source = "registry+https://github.com/rust-lang/crates.io-index"

[[package]]
name = "atty"
version = "0.2.14"
source = "registry+https://github.com/rust-lang/crates.io-index"
dependencies = [
 "hermit-abi 0.1.14 (registry+https://github.com/rust-lang/crates.io-index)",
 "libc 0.2.71 (registry+https://github.com/rust-lang/crates.io-index)",
 "winapi 0.3.9 (registry+https://github.com/rust-lang/crates.io-index)",
]

[[package]]
name = "autocfg"
version = "1.0.0"
source = "registry+https://github.com/rust-lang/crates.io-index"

[[package]]
name = "backtrace"
version = "0.3.49"
source = "registry+https://github.com/rust-lang/crates.io-index"
dependencies = [
 "backtrace-sys 0.1.37 (registry+https://github.com/rust-lang/crates.io-index)",
 "cfg-if 0.1.10 (registry+https://github.com/rust-lang/crates.io-index)",
 "libc 0.2.71 (registry+https://github.com/rust-lang/crates.io-index)",
 "rustc-demangle 0.1.16 (registry+https://github.com/rust-lang/crates.io-index)",
]

[[package]]
name = "backtrace-sys"
version = "0.1.37"
source = "registry+https://github.com/rust-lang/crates.io-index"
dependencies = [
 "cc 1.0.56 (registry+https://github.com/rust-lang/crates.io-index)",
 "libc 0.2.71 (registry+https://github.com/rust-lang/crates.io-index)",
]

[[package]]
name = "base64"
version = "0.11.0"
source = "registry+https://github.com/rust-lang/crates.io-index"

[[package]]
name = "bincode"
version = "1.3.1"
source = "registry+https://github.com/rust-lang/crates.io-index"
dependencies = [
 "byteorder 1.3.4 (registry+https://github.com/rust-lang/crates.io-index)",
 "serde 1.0.114 (registry+https://github.com/rust-lang/crates.io-index)",
]

[[package]]
name = "bitflags"
version = "0.9.1"
source = "registry+https://github.com/rust-lang/crates.io-index"

[[package]]
name = "bitflags"
version = "1.2.1"
source = "registry+https://github.com/rust-lang/crates.io-index"

[[package]]
name = "blake2"
version = "0.9.0"
source = "registry+https://github.com/rust-lang/crates.io-index"
dependencies = [
 "byte-tools 0.3.1 (registry+https://github.com/rust-lang/crates.io-index)",
 "byteorder 1.3.4 (registry+https://github.com/rust-lang/crates.io-index)",
 "crypto-mac 0.8.0 (registry+https://github.com/rust-lang/crates.io-index)",
 "digest 0.9.0 (registry+https://github.com/rust-lang/crates.io-index)",
 "opaque-debug 0.2.3 (registry+https://github.com/rust-lang/crates.io-index)",
]

[[package]]
name = "blake2-rfc"
version = "0.2.18"
source = "registry+https://github.com/rust-lang/crates.io-index"
dependencies = [
 "arrayvec 0.4.12 (registry+https://github.com/rust-lang/crates.io-index)",
 "constant_time_eq 0.1.5 (registry+https://github.com/rust-lang/crates.io-index)",
]

[[package]]
name = "blake2b_simd"
version = "0.5.10"
source = "registry+https://github.com/rust-lang/crates.io-index"
dependencies = [
 "arrayref 0.3.6 (registry+https://github.com/rust-lang/crates.io-index)",
 "arrayvec 0.5.1 (registry+https://github.com/rust-lang/crates.io-index)",
 "constant_time_eq 0.1.5 (registry+https://github.com/rust-lang/crates.io-index)",
]

[[package]]
name = "block-buffer"
version = "0.9.0"
source = "registry+https://github.com/rust-lang/crates.io-index"
dependencies = [
 "block-padding 0.2.0 (registry+https://github.com/rust-lang/crates.io-index)",
 "generic-array 0.14.2 (registry+https://github.com/rust-lang/crates.io-index)",
]

[[package]]
name = "block-padding"
version = "0.2.0"
source = "registry+https://github.com/rust-lang/crates.io-index"

[[package]]
name = "bumpalo"
version = "3.4.0"
source = "registry+https://github.com/rust-lang/crates.io-index"

[[package]]
name = "byte-tools"
version = "0.3.1"
source = "registry+https://github.com/rust-lang/crates.io-index"

[[package]]
name = "byteorder"
version = "1.3.4"
source = "registry+https://github.com/rust-lang/crates.io-index"

[[package]]
name = "cc"
version = "1.0.56"
source = "registry+https://github.com/rust-lang/crates.io-index"

[[package]]
name = "cfg-if"
version = "0.1.10"
source = "registry+https://github.com/rust-lang/crates.io-index"

[[package]]
name = "clippy"
version = "0.0.302"
source = "registry+https://github.com/rust-lang/crates.io-index"
dependencies = [
 "term 0.5.2 (registry+https://github.com/rust-lang/crates.io-index)",
]

[[package]]
name = "constant_time_eq"
version = "0.1.5"
source = "registry+https://github.com/rust-lang/crates.io-index"

[[package]]
name = "cpio"
version = "0.2.0"
source = "registry+https://github.com/rust-lang/crates.io-index"

[[package]]
name = "cpuid-bool"
version = "0.1.0"
source = "registry+https://github.com/rust-lang/crates.io-index"

[[package]]
name = "crossbeam-utils"
version = "0.7.2"
source = "registry+https://github.com/rust-lang/crates.io-index"
dependencies = [
 "autocfg 1.0.0 (registry+https://github.com/rust-lang/crates.io-index)",
 "cfg-if 0.1.10 (registry+https://github.com/rust-lang/crates.io-index)",
 "lazy_static 1.4.0 (registry+https://github.com/rust-lang/crates.io-index)",
]

[[package]]
name = "crypto-mac"
version = "0.8.0"
source = "registry+https://github.com/rust-lang/crates.io-index"
dependencies = [
 "generic-array 0.14.2 (registry+https://github.com/rust-lang/crates.io-index)",
 "subtle 2.2.3 (registry+https://github.com/rust-lang/crates.io-index)",
]

[[package]]
name = "data-encoding"
version = "2.2.1"
source = "registry+https://github.com/rust-lang/crates.io-index"

[[package]]
name = "digest"
version = "0.9.0"
source = "registry+https://github.com/rust-lang/crates.io-index"
dependencies = [
 "generic-array 0.14.2 (registry+https://github.com/rust-lang/crates.io-index)",
]

[[package]]
name = "dirs"
version = "1.0.5"
source = "registry+https://github.com/rust-lang/crates.io-index"
dependencies = [
 "libc 0.2.71 (registry+https://github.com/rust-lang/crates.io-index)",
 "redox_users 0.3.4 (registry+https://github.com/rust-lang/crates.io-index)",
 "winapi 0.3.9 (registry+https://github.com/rust-lang/crates.io-index)",
]

[[package]]
name = "gcc"
version = "0.3.55"
source = "registry+https://github.com/rust-lang/crates.io-index"

[[package]]
name = "generic-array"
version = "0.14.2"
source = "registry+https://github.com/rust-lang/crates.io-index"
dependencies = [
 "typenum 1.12.0 (registry+https://github.com/rust-lang/crates.io-index)",
 "version_check 0.9.2 (registry+https://github.com/rust-lang/crates.io-index)",
]

[[package]]
name = "getrandom"
version = "0.1.14"
source = "registry+https://github.com/rust-lang/crates.io-index"
dependencies = [
 "cfg-if 0.1.10 (registry+https://github.com/rust-lang/crates.io-index)",
 "libc 0.2.71 (registry+https://github.com/rust-lang/crates.io-index)",
 "wasi 0.9.0+wasi-snapshot-preview1 (registry+https://github.com/rust-lang/crates.io-index)",
]

[[package]]
name = "hermit-abi"
version = "0.1.14"
source = "registry+https://github.com/rust-lang/crates.io-index"
dependencies = [
 "libc 0.2.71 (registry+https://github.com/rust-lang/crates.io-index)",
]

[[package]]
name = "indexmap"
version = "1.4.0"
source = "registry+https://github.com/rust-lang/crates.io-index"
dependencies = [
 "autocfg 1.0.0 (registry+https://github.com/rust-lang/crates.io-index)",
]

[[package]]
name = "itoa"
version = "0.4.6"
source = "registry+https://github.com/rust-lang/crates.io-index"

[[package]]
name = "js-sys"
version = "0.3.41"
source = "registry+https://github.com/rust-lang/crates.io-index"
dependencies = [
 "wasm-bindgen 0.2.64 (registry+https://github.com/rust-lang/crates.io-index)",
]

[[package]]
name = "keccak"
version = "0.1.0"
source = "registry+https://github.com/rust-lang/crates.io-index"

[[package]]
name = "lazy_static"
version = "1.4.0"
source = "registry+https://github.com/rust-lang/crates.io-index"

[[package]]
name = "libc"
version = "0.2.71"
source = "registry+https://github.com/rust-lang/crates.io-index"

[[package]]
name = "liblmdb-sys"
version = "0.2.2"
source = "registry+https://github.com/rust-lang/crates.io-index"
dependencies = [
 "gcc 0.3.55 (registry+https://github.com/rust-lang/crates.io-index)",
 "libc 0.2.71 (registry+https://github.com/rust-lang/crates.io-index)",
]

[[package]]
name = "lmdb-zero"
version = "0.4.4"
source = "registry+https://github.com/rust-lang/crates.io-index"
dependencies = [
 "bitflags 0.9.1 (registry+https://github.com/rust-lang/crates.io-index)",
 "libc 0.2.71 (registry+https://github.com/rust-lang/crates.io-index)",
 "liblmdb-sys 0.2.2 (registry+https://github.com/rust-lang/crates.io-index)",
 "supercow 0.1.0 (registry+https://github.com/rust-lang/crates.io-index)",
]

[[package]]
name = "log"
version = "0.4.8"
source = "registry+https://github.com/rust-lang/crates.io-index"
dependencies = [
 "cfg-if 0.1.10 (registry+https://github.com/rust-lang/crates.io-index)",
]

[[package]]
name = "md-5"
version = "0.9.1"
source = "registry+https://github.com/rust-lang/crates.io-index"
dependencies = [
 "block-buffer 0.9.0 (registry+https://github.com/rust-lang/crates.io-index)",
 "digest 0.9.0 (registry+https://github.com/rust-lang/crates.io-index)",
 "md5-asm 0.4.3 (registry+https://github.com/rust-lang/crates.io-index)",
 "opaque-debug 0.3.0 (registry+https://github.com/rust-lang/crates.io-index)",
]

[[package]]
name = "md5-asm"
version = "0.4.3"
source = "registry+https://github.com/rust-lang/crates.io-index"
dependencies = [
 "cc 1.0.56 (registry+https://github.com/rust-lang/crates.io-index)",
]

[[package]]
name = "memchr"
version = "2.3.3"
source = "registry+https://github.com/rust-lang/crates.io-index"

[[package]]
name = "nodrop"
version = "0.1.14"
source = "registry+https://github.com/rust-lang/crates.io-index"

[[package]]
name = "once_cell"
version = "1.4.0"
source = "registry+https://github.com/rust-lang/crates.io-index"

[[package]]
name = "opaque-debug"
version = "0.2.3"
source = "registry+https://github.com/rust-lang/crates.io-index"

[[package]]
name = "opaque-debug"
version = "0.3.0"
source = "registry+https://github.com/rust-lang/crates.io-index"

[[package]]
name = "ppv-lite86"
version = "0.2.8"
source = "registry+https://github.com/rust-lang/crates.io-index"

[[package]]
name = "proc-macro2"
version = "1.0.18"
source = "registry+https://github.com/rust-lang/crates.io-index"
dependencies = [
 "unicode-xid 0.2.1 (registry+https://github.com/rust-lang/crates.io-index)",
]

[[package]]
name = "pulldown-cmark"
version = "0.7.1"
source = "registry+https://github.com/rust-lang/crates.io-index"
dependencies = [
 "bitflags 1.2.1 (registry+https://github.com/rust-lang/crates.io-index)",
 "memchr 2.3.3 (registry+https://github.com/rust-lang/crates.io-index)",
 "unicase 2.6.0 (registry+https://github.com/rust-lang/crates.io-index)",
]

[[package]]
name = "quote"
version = "1.0.7"
source = "registry+https://github.com/rust-lang/crates.io-index"
dependencies = [
 "proc-macro2 1.0.18 (registry+https://github.com/rust-lang/crates.io-index)",
]

[[package]]
name = "rand"
version = "0.7.3"
source = "registry+https://github.com/rust-lang/crates.io-index"
dependencies = [
 "getrandom 0.1.14 (registry+https://github.com/rust-lang/crates.io-index)",
 "libc 0.2.71 (registry+https://github.com/rust-lang/crates.io-index)",
 "rand_chacha 0.2.2 (registry+https://github.com/rust-lang/crates.io-index)",
 "rand_core 0.5.1 (registry+https://github.com/rust-lang/crates.io-index)",
 "rand_hc 0.2.0 (registry+https://github.com/rust-lang/crates.io-index)",
]

[[package]]
name = "rand_chacha"
version = "0.2.2"
source = "registry+https://github.com/rust-lang/crates.io-index"
dependencies = [
 "ppv-lite86 0.2.8 (registry+https://github.com/rust-lang/crates.io-index)",
 "rand_core 0.5.1 (registry+https://github.com/rust-lang/crates.io-index)",
]

[[package]]
name = "rand_core"
version = "0.5.1"
source = "registry+https://github.com/rust-lang/crates.io-index"
dependencies = [
 "getrandom 0.1.14 (registry+https://github.com/rust-lang/crates.io-index)",
]

[[package]]
name = "rand_hc"
version = "0.2.0"
source = "registry+https://github.com/rust-lang/crates.io-index"
dependencies = [
 "rand_core 0.5.1 (registry+https://github.com/rust-lang/crates.io-index)",
]

[[package]]
name = "redox_syscall"
version = "0.1.56"
source = "registry+https://github.com/rust-lang/crates.io-index"

[[package]]
name = "redox_users"
version = "0.3.4"
source = "registry+https://github.com/rust-lang/crates.io-index"
dependencies = [
 "getrandom 0.1.14 (registry+https://github.com/rust-lang/crates.io-index)",
 "redox_syscall 0.1.56 (registry+https://github.com/rust-lang/crates.io-index)",
 "rust-argon2 0.7.0 (registry+https://github.com/rust-lang/crates.io-index)",
]

[[package]]
name = "regex"
version = "1.3.9"
source = "registry+https://github.com/rust-lang/crates.io-index"
dependencies = [
 "regex-syntax 0.6.18 (registry+https://github.com/rust-lang/crates.io-index)",
]

[[package]]
name = "regex-syntax"
version = "0.6.18"
source = "registry+https://github.com/rust-lang/crates.io-index"

[[package]]
name = "remove_dir_all"
version = "0.5.3"
source = "registry+https://github.com/rust-lang/crates.io-index"
dependencies = [
 "winapi 0.3.9 (registry+https://github.com/rust-lang/crates.io-index)",
]

[[package]]
name = "ring"
version = "0.16.15"
source = "registry+https://github.com/rust-lang/crates.io-index"
dependencies = [
 "cc 1.0.56 (registry+https://github.com/rust-lang/crates.io-index)",
 "libc 0.2.71 (registry+https://github.com/rust-lang/crates.io-index)",
 "once_cell 1.4.0 (registry+https://github.com/rust-lang/crates.io-index)",
 "spin 0.5.2 (registry+https://github.com/rust-lang/crates.io-index)",
 "untrusted 0.7.1 (registry+https://github.com/rust-lang/crates.io-index)",
 "web-sys 0.3.41 (registry+https://github.com/rust-lang/crates.io-index)",
 "winapi 0.3.9 (registry+https://github.com/rust-lang/crates.io-index)",
]

[[package]]
name = "rust-argon2"
version = "0.7.0"
source = "registry+https://github.com/rust-lang/crates.io-index"
dependencies = [
 "base64 0.11.0 (registry+https://github.com/rust-lang/crates.io-index)",
 "blake2b_simd 0.5.10 (registry+https://github.com/rust-lang/crates.io-index)",
 "constant_time_eq 0.1.5 (registry+https://github.com/rust-lang/crates.io-index)",
 "crossbeam-utils 0.7.2 (registry+https://github.com/rust-lang/crates.io-index)",
]

[[package]]
name = "rustc-demangle"
version = "0.1.16"
source = "registry+https://github.com/rust-lang/crates.io-index"

[[package]]
name = "ryu"
version = "1.0.5"
source = "registry+https://github.com/rust-lang/crates.io-index"

[[package]]
name = "seahash"
version = "4.0.1"
source = "registry+https://github.com/rust-lang/crates.io-index"

[[package]]
name = "serde"
version = "1.0.114"
source = "registry+https://github.com/rust-lang/crates.io-index"

[[package]]
name = "serde_bytes"
version = "0.11.5"
source = "registry+https://github.com/rust-lang/crates.io-index"
dependencies = [
 "serde 1.0.114 (registry+https://github.com/rust-lang/crates.io-index)",
]

[[package]]
name = "serde_derive"
version = "1.0.114"
source = "registry+https://github.com/rust-lang/crates.io-index"
dependencies = [
 "proc-macro2 1.0.18 (registry+https://github.com/rust-lang/crates.io-index)",
 "quote 1.0.7 (registry+https://github.com/rust-lang/crates.io-index)",
 "syn 1.0.33 (registry+https://github.com/rust-lang/crates.io-index)",
]

[[package]]
name = "serde_json"
version = "1.0.56"
source = "registry+https://github.com/rust-lang/crates.io-index"
dependencies = [
 "indexmap 1.4.0 (registry+https://github.com/rust-lang/crates.io-index)",
 "itoa 0.4.6 (registry+https://github.com/rust-lang/crates.io-index)",
 "ryu 1.0.5 (registry+https://github.com/rust-lang/crates.io-index)",
 "serde 1.0.114 (registry+https://github.com/rust-lang/crates.io-index)",
]

[[package]]
name = "sha-1"
version = "0.9.1"
source = "registry+https://github.com/rust-lang/crates.io-index"
dependencies = [
 "block-buffer 0.9.0 (registry+https://github.com/rust-lang/crates.io-index)",
 "cfg-if 0.1.10 (registry+https://github.com/rust-lang/crates.io-index)",
 "cpuid-bool 0.1.0 (registry+https://github.com/rust-lang/crates.io-index)",
 "digest 0.9.0 (registry+https://github.com/rust-lang/crates.io-index)",
 "libc 0.2.71 (registry+https://github.com/rust-lang/crates.io-index)",
 "opaque-debug 0.3.0 (registry+https://github.com/rust-lang/crates.io-index)",
 "sha1-asm 0.4.4 (registry+https://github.com/rust-lang/crates.io-index)",
]

[[package]]
name = "sha1-asm"
version = "0.4.4"
source = "registry+https://github.com/rust-lang/crates.io-index"
dependencies = [
 "cc 1.0.56 (registry+https://github.com/rust-lang/crates.io-index)",
]

[[package]]
name = "sha2"
version = "0.9.1"
source = "registry+https://github.com/rust-lang/crates.io-index"
dependencies = [
 "block-buffer 0.9.0 (registry+https://github.com/rust-lang/crates.io-index)",
 "cfg-if 0.1.10 (registry+https://github.com/rust-lang/crates.io-index)",
 "cpuid-bool 0.1.0 (registry+https://github.com/rust-lang/crates.io-index)",
 "digest 0.9.0 (registry+https://github.com/rust-lang/crates.io-index)",
 "libc 0.2.71 (registry+https://github.com/rust-lang/crates.io-index)",
 "opaque-debug 0.3.0 (registry+https://github.com/rust-lang/crates.io-index)",
 "sha2-asm 0.5.4 (registry+https://github.com/rust-lang/crates.io-index)",
]

[[package]]
name = "sha2-asm"
version = "0.5.4"
source = "registry+https://github.com/rust-lang/crates.io-index"
dependencies = [
 "cc 1.0.56 (registry+https://github.com/rust-lang/crates.io-index)",
]

[[package]]
name = "sha3"
version = "0.9.1"
source = "registry+https://github.com/rust-lang/crates.io-index"
dependencies = [
 "block-buffer 0.9.0 (registry+https://github.com/rust-lang/crates.io-index)",
 "digest 0.9.0 (registry+https://github.com/rust-lang/crates.io-index)",
 "keccak 0.1.0 (registry+https://github.com/rust-lang/crates.io-index)",
 "opaque-debug 0.3.0 (registry+https://github.com/rust-lang/crates.io-index)",
]

[[package]]
name = "siphasher"
version = "0.3.3"
source = "registry+https://github.com/rust-lang/crates.io-index"

[[package]]
name = "spin"
version = "0.5.2"
source = "registry+https://github.com/rust-lang/crates.io-index"

[[package]]
name = "subtle"
version = "2.2.3"
source = "registry+https://github.com/rust-lang/crates.io-index"

[[package]]
name = "supercow"
version = "0.1.0"
source = "registry+https://github.com/rust-lang/crates.io-index"

[[package]]
name = "syn"
version = "1.0.33"
source = "registry+https://github.com/rust-lang/crates.io-index"
dependencies = [
 "proc-macro2 1.0.18 (registry+https://github.com/rust-lang/crates.io-index)",
 "quote 1.0.7 (registry+https://github.com/rust-lang/crates.io-index)",
 "unicode-xid 0.2.1 (registry+https://github.com/rust-lang/crates.io-index)",
]

[[package]]
name = "tempfile"
version = "3.1.0"
source = "registry+https://github.com/rust-lang/crates.io-index"
dependencies = [
 "cfg-if 0.1.10 (registry+https://github.com/rust-lang/crates.io-index)",
 "libc 0.2.71 (registry+https://github.com/rust-lang/crates.io-index)",
 "rand 0.7.3 (registry+https://github.com/rust-lang/crates.io-index)",
 "redox_syscall 0.1.56 (registry+https://github.com/rust-lang/crates.io-index)",
 "remove_dir_all 0.5.3 (registry+https://github.com/rust-lang/crates.io-index)",
 "winapi 0.3.9 (registry+https://github.com/rust-lang/crates.io-index)",
]

[[package]]
name = "term"
version = "0.5.2"
source = "registry+https://github.com/rust-lang/crates.io-index"
dependencies = [
 "byteorder 1.3.4 (registry+https://github.com/rust-lang/crates.io-index)",
 "dirs 1.0.5 (registry+https://github.com/rust-lang/crates.io-index)",
 "winapi 0.3.9 (registry+https://github.com/rust-lang/crates.io-index)",
]

[[package]]
name = "typenum"
version = "1.12.0"
source = "registry+https://github.com/rust-lang/crates.io-index"

[[package]]
name = "unicase"
version = "2.6.0"
source = "registry+https://github.com/rust-lang/crates.io-index"
dependencies = [
 "version_check 0.9.2 (registry+https://github.com/rust-lang/crates.io-index)",
]

[[package]]
name = "unicode-xid"
version = "0.2.1"
source = "registry+https://github.com/rust-lang/crates.io-index"

[[package]]
name = "untrusted"
version = "0.7.1"
source = "registry+https://github.com/rust-lang/crates.io-index"

[[package]]
name = "version_check"
version = "0.9.2"
source = "registry+https://github.com/rust-lang/crates.io-index"

[[package]]
name = "vonuvoli-scheme"
version = "0.0.7"
dependencies = [
 "ansi_term 0.12.1 (registry+https://github.com/rust-lang/crates.io-index)",
 "atty 0.2.14 (registry+https://github.com/rust-lang/crates.io-index)",
 "backtrace 0.3.49 (registry+https://github.com/rust-lang/crates.io-index)",
 "bincode 1.3.1 (registry+https://github.com/rust-lang/crates.io-index)",
 "blake2 0.9.0 (registry+https://github.com/rust-lang/crates.io-index)",
 "blake2-rfc 0.2.18 (registry+https://github.com/rust-lang/crates.io-index)",
 "clippy 0.0.302 (registry+https://github.com/rust-lang/crates.io-index)",
 "cpio 0.2.0 (registry+https://github.com/rust-lang/crates.io-index)",
 "data-encoding 2.2.1 (registry+https://github.com/rust-lang/crates.io-index)",
 "digest 0.9.0 (registry+https://github.com/rust-lang/crates.io-index)",
 "lazy_static 1.4.0 (registry+https://github.com/rust-lang/crates.io-index)",
 "libc 0.2.71 (registry+https://github.com/rust-lang/crates.io-index)",
 "lmdb-zero 0.4.4 (registry+https://github.com/rust-lang/crates.io-index)",
 "md-5 0.9.1 (registry+https://github.com/rust-lang/crates.io-index)",
 "pulldown-cmark 0.7.1 (registry+https://github.com/rust-lang/crates.io-index)",
 "rand 0.7.3 (registry+https://github.com/rust-lang/crates.io-index)",
 "regex 1.3.9 (registry+https://github.com/rust-lang/crates.io-index)",
 "ring 0.16.15 (registry+https://github.com/rust-lang/crates.io-index)",
 "rustc-demangle 0.1.16 (registry+https://github.com/rust-lang/crates.io-index)",
 "seahash 4.0.1 (registry+https://github.com/rust-lang/crates.io-index)",
 "serde 1.0.114 (registry+https://github.com/rust-lang/crates.io-index)",
 "serde_bytes 0.11.5 (registry+https://github.com/rust-lang/crates.io-index)",
 "serde_derive 1.0.114 (registry+https://github.com/rust-lang/crates.io-index)",
 "serde_json 1.0.56 (registry+https://github.com/rust-lang/crates.io-index)",
 "sha-1 0.9.1 (registry+https://github.com/rust-lang/crates.io-index)",
 "sha2 0.9.1 (registry+https://github.com/rust-lang/crates.io-index)",
 "sha3 0.9.1 (registry+https://github.com/rust-lang/crates.io-index)",
 "siphasher 0.3.3 (registry+https://github.com/rust-lang/crates.io-index)",
 "tempfile 3.1.0 (registry+https://github.com/rust-lang/crates.io-index)",
]

[[package]]
name = "wasi"
version = "0.9.0+wasi-snapshot-preview1"
source = "registry+https://github.com/rust-lang/crates.io-index"

[[package]]
name = "wasm-bindgen"
version = "0.2.64"
source = "registry+https://github.com/rust-lang/crates.io-index"
dependencies = [
 "cfg-if 0.1.10 (registry+https://github.com/rust-lang/crates.io-index)",
 "wasm-bindgen-macro 0.2.64 (registry+https://github.com/rust-lang/crates.io-index)",
]

[[package]]
name = "wasm-bindgen-backend"
version = "0.2.64"
source = "registry+https://github.com/rust-lang/crates.io-index"
dependencies = [
 "bumpalo 3.4.0 (registry+https://github.com/rust-lang/crates.io-index)",
 "lazy_static 1.4.0 (registry+https://github.com/rust-lang/crates.io-index)",
 "log 0.4.8 (registry+https://github.com/rust-lang/crates.io-index)",
 "proc-macro2 1.0.18 (registry+https://github.com/rust-lang/crates.io-index)",
 "quote 1.0.7 (registry+https://github.com/rust-lang/crates.io-index)",
 "syn 1.0.33 (registry+https://github.com/rust-lang/crates.io-index)",
 "wasm-bindgen-shared 0.2.64 (registry+https://github.com/rust-lang/crates.io-index)",
]

[[package]]
name = "wasm-bindgen-macro"
version = "0.2.64"
source = "registry+https://github.com/rust-lang/crates.io-index"
dependencies = [
 "quote 1.0.7 (registry+https://github.com/rust-lang/crates.io-index)",
 "wasm-bindgen-macro-support 0.2.64 (registry+https://github.com/rust-lang/crates.io-index)",
]

[[package]]
name = "wasm-bindgen-macro-support"
version = "0.2.64"
source = "registry+https://github.com/rust-lang/crates.io-index"
dependencies = [
 "proc-macro2 1.0.18 (registry+https://github.com/rust-lang/crates.io-index)",
 "quote 1.0.7 (registry+https://github.com/rust-lang/crates.io-index)",
 "syn 1.0.33 (registry+https://github.com/rust-lang/crates.io-index)",
 "wasm-bindgen-backend 0.2.64 (registry+https://github.com/rust-lang/crates.io-index)",
 "wasm-bindgen-shared 0.2.64 (registry+https://github.com/rust-lang/crates.io-index)",
]

[[package]]
name = "wasm-bindgen-shared"
version = "0.2.64"
source = "registry+https://github.com/rust-lang/crates.io-index"

[[package]]
name = "web-sys"
version = "0.3.41"
source = "registry+https://github.com/rust-lang/crates.io-index"
dependencies = [
 "js-sys 0.3.41 (registry+https://github.com/rust-lang/crates.io-index)",
 "wasm-bindgen 0.2.64 (registry+https://github.com/rust-lang/crates.io-index)",
]

[[package]]
name = "winapi"
version = "0.3.9"
source = "registry+https://github.com/rust-lang/crates.io-index"
dependencies = [
 "winapi-i686-pc-windows-gnu 0.4.0 (registry+https://github.com/rust-lang/crates.io-index)",
 "winapi-x86_64-pc-windows-gnu 0.4.0 (registry+https://github.com/rust-lang/crates.io-index)",
]

[[package]]
name = "winapi-i686-pc-windows-gnu"
version = "0.4.0"
source = "registry+https://github.com/rust-lang/crates.io-index"

[[package]]
name = "winapi-x86_64-pc-windows-gnu"
version = "0.4.0"
source = "registry+https://github.com/rust-lang/crates.io-index"

[metadata]
"checksum ansi_term 0.12.1 (registry+https://github.com/rust-lang/crates.io-index)" = "d52a9bb7ec0cf484c551830a7ce27bd20d67eac647e1befb56b0be4ee39a55d2"
"checksum arrayref 0.3.6 (registry+https://github.com/rust-lang/crates.io-index)" = "a4c527152e37cf757a3f78aae5a06fbeefdb07ccc535c980a3208ee3060dd544"
"checksum arrayvec 0.4.12 (registry+https://github.com/rust-lang/crates.io-index)" = "cd9fd44efafa8690358b7408d253adf110036b88f55672a933f01d616ad9b1b9"
"checksum arrayvec 0.5.1 (registry+https://github.com/rust-lang/crates.io-index)" = "cff77d8686867eceff3105329d4698d96c2391c176d5d03adc90c7389162b5b8"
"checksum atty 0.2.14 (registry+https://github.com/rust-lang/crates.io-index)" = "d9b39be18770d11421cdb1b9947a45dd3f37e93092cbf377614828a319d5fee8"
"checksum autocfg 1.0.0 (registry+https://github.com/rust-lang/crates.io-index)" = "f8aac770f1885fd7e387acedd76065302551364496e46b3dd00860b2f8359b9d"
"checksum backtrace 0.3.49 (registry+https://github.com/rust-lang/crates.io-index)" = "05100821de9e028f12ae3d189176b41ee198341eb8f369956407fea2f5cc666c"
"checksum backtrace-sys 0.1.37 (registry+https://github.com/rust-lang/crates.io-index)" = "18fbebbe1c9d1f383a9cc7e8ccdb471b91c8d024ee9c2ca5b5346121fe8b4399"
"checksum base64 0.11.0 (registry+https://github.com/rust-lang/crates.io-index)" = "b41b7ea54a0c9d92199de89e20e58d49f02f8e699814ef3fdf266f6f748d15c7"
"checksum bincode 1.3.1 (registry+https://github.com/rust-lang/crates.io-index)" = "f30d3a39baa26f9651f17b375061f3233dde33424a8b72b0dbe93a68a0bc896d"
"checksum bitflags 0.9.1 (registry+https://github.com/rust-lang/crates.io-index)" = "4efd02e230a02e18f92fc2735f44597385ed02ad8f831e7c1c1156ee5e1ab3a5"
"checksum bitflags 1.2.1 (registry+https://github.com/rust-lang/crates.io-index)" = "cf1de2fe8c75bc145a2f577add951f8134889b4795d47466a54a5c846d691693"
"checksum blake2 0.9.0 (registry+https://github.com/rust-lang/crates.io-index)" = "84ce5b6108f8e154604bd4eb76a2f726066c3464d5a552a4229262a18c9bb471"
"checksum blake2-rfc 0.2.18 (registry+https://github.com/rust-lang/crates.io-index)" = "5d6d530bdd2d52966a6d03b7a964add7ae1a288d25214066fd4b600f0f796400"
"checksum blake2b_simd 0.5.10 (registry+https://github.com/rust-lang/crates.io-index)" = "d8fb2d74254a3a0b5cac33ac9f8ed0e44aa50378d9dbb2e5d83bd21ed1dc2c8a"
"checksum block-buffer 0.9.0 (registry+https://github.com/rust-lang/crates.io-index)" = "4152116fd6e9dadb291ae18fc1ec3575ed6d84c29642d97890f4b4a3417297e4"
"checksum block-padding 0.2.0 (registry+https://github.com/rust-lang/crates.io-index)" = "c98bfd7c112b6399fef97cc0614af1cd375b27a112e552ce60f94c1b5f13cb74"
"checksum bumpalo 3.4.0 (registry+https://github.com/rust-lang/crates.io-index)" = "2e8c087f005730276d1096a652e92a8bacee2e2472bcc9715a74d2bec38b5820"
"checksum byte-tools 0.3.1 (registry+https://github.com/rust-lang/crates.io-index)" = "e3b5ca7a04898ad4bcd41c90c5285445ff5b791899bb1b0abdd2a2aa791211d7"
"checksum byteorder 1.3.4 (registry+https://github.com/rust-lang/crates.io-index)" = "08c48aae112d48ed9f069b33538ea9e3e90aa263cfa3d1c24309612b1f7472de"
"checksum cc 1.0.56 (registry+https://github.com/rust-lang/crates.io-index)" = "77c1f1d60091c1b73e2b1f4560ab419204b178e625fa945ded7b660becd2bd46"
"checksum cfg-if 0.1.10 (registry+https://github.com/rust-lang/crates.io-index)" = "4785bdd1c96b2a846b2bd7cc02e86b6b3dbf14e7e53446c4f54c92a361040822"
"checksum clippy 0.0.302 (registry+https://github.com/rust-lang/crates.io-index)" = "d911ee15579a3f50880d8c1d59ef6e79f9533127a3bd342462f5d584f5e8c294"
"checksum constant_time_eq 0.1.5 (registry+https://github.com/rust-lang/crates.io-index)" = "245097e9a4535ee1e3e3931fcfcd55a796a44c643e8596ff6566d68f09b87bbc"
"checksum cpio 0.2.0 (registry+https://github.com/rust-lang/crates.io-index)" = "f00177cda1bb5c5b0a05b1b506125c776411cdfc6a41085126881266e0cdc242"
"checksum cpuid-bool 0.1.0 (registry+https://github.com/rust-lang/crates.io-index)" = "6d375c433320f6c5057ae04a04376eef4d04ce2801448cf8863a78da99107be4"
"checksum crossbeam-utils 0.7.2 (registry+https://github.com/rust-lang/crates.io-index)" = "c3c7c73a2d1e9fc0886a08b93e98eb643461230d5f1925e4036204d5f2e261a8"
"checksum crypto-mac 0.8.0 (registry+https://github.com/rust-lang/crates.io-index)" = "b584a330336237c1eecd3e94266efb216c56ed91225d634cb2991c5f3fd1aeab"
"checksum data-encoding 2.2.1 (registry+https://github.com/rust-lang/crates.io-index)" = "72aa14c04dfae8dd7d8a2b1cb7ca2152618cd01336dbfe704b8dcbf8d41dbd69"
"checksum digest 0.9.0 (registry+https://github.com/rust-lang/crates.io-index)" = "d3dd60d1080a57a05ab032377049e0591415d2b31afd7028356dbf3cc6dcb066"
"checksum dirs 1.0.5 (registry+https://github.com/rust-lang/crates.io-index)" = "3fd78930633bd1c6e35c4b42b1df7b0cbc6bc191146e512bb3bedf243fcc3901"
"checksum gcc 0.3.55 (registry+https://github.com/rust-lang/crates.io-index)" = "8f5f3913fa0bfe7ee1fd8248b6b9f42a5af4b9d65ec2dd2c3c26132b950ecfc2"
"checksum generic-array 0.14.2 (registry+https://github.com/rust-lang/crates.io-index)" = "ac746a5f3bbfdadd6106868134545e684693d54d9d44f6e9588a7d54af0bf980"
"checksum getrandom 0.1.14 (registry+https://github.com/rust-lang/crates.io-index)" = "7abc8dd8451921606d809ba32e95b6111925cd2906060d2dcc29c070220503eb"
"checksum hermit-abi 0.1.14 (registry+https://github.com/rust-lang/crates.io-index)" = "b9586eedd4ce6b3c498bc3b4dd92fc9f11166aa908a914071953768066c67909"
"checksum indexmap 1.4.0 (registry+https://github.com/rust-lang/crates.io-index)" = "c398b2b113b55809ceb9ee3e753fcbac793f1956663f3c36549c1346015c2afe"
"checksum itoa 0.4.6 (registry+https://github.com/rust-lang/crates.io-index)" = "dc6f3ad7b9d11a0c00842ff8de1b60ee58661048eb8049ed33c73594f359d7e6"
"checksum js-sys 0.3.41 (registry+https://github.com/rust-lang/crates.io-index)" = "c4b9172132a62451e56142bff9afc91c8e4a4500aa5b847da36815b63bfda916"
"checksum keccak 0.1.0 (registry+https://github.com/rust-lang/crates.io-index)" = "67c21572b4949434e4fc1e1978b99c5f77064153c59d998bf13ecd96fb5ecba7"
"checksum lazy_static 1.4.0 (registry+https://github.com/rust-lang/crates.io-index)" = "e2abad23fbc42b3700f2f279844dc832adb2b2eb069b2df918f455c4e18cc646"
"checksum libc 0.2.71 (registry+https://github.com/rust-lang/crates.io-index)" = "9457b06509d27052635f90d6466700c65095fdf75409b3fbdd903e988b886f49"
"checksum liblmdb-sys 0.2.2 (registry+https://github.com/rust-lang/crates.io-index)" = "feed38a3a580f60bf61aaa067b0ff4123395966839adeaf67258a9e50c4d2e49"
"checksum lmdb-zero 0.4.4 (registry+https://github.com/rust-lang/crates.io-index)" = "13416eee745b087c22934f35f1f24da22da41ba2a5ce197143d168ce055cc58d"
"checksum log 0.4.8 (registry+https://github.com/rust-lang/crates.io-index)" = "14b6052be84e6b71ab17edffc2eeabf5c2c3ae1fdb464aae35ac50c67a44e1f7"
"checksum md-5 0.9.1 (registry+https://github.com/rust-lang/crates.io-index)" = "7b5a279bb9607f9f53c22d496eade00d138d1bdcccd07d74650387cf94942a15"
"checksum md5-asm 0.4.3 (registry+https://github.com/rust-lang/crates.io-index)" = "3b47e5a1261ecd6ba951d1ad392534743310e513ef1e2609023368798829f33e"
"checksum memchr 2.3.3 (registry+https://github.com/rust-lang/crates.io-index)" = "3728d817d99e5ac407411fa471ff9800a778d88a24685968b36824eaf4bee400"
"checksum nodrop 0.1.14 (registry+https://github.com/rust-lang/crates.io-index)" = "72ef4a56884ca558e5ddb05a1d1e7e1bfd9a68d9ed024c21704cc98872dae1bb"
"checksum once_cell 1.4.0 (registry+https://github.com/rust-lang/crates.io-index)" = "0b631f7e854af39a1739f401cf34a8a013dfe09eac4fa4dba91e9768bd28168d"
"checksum opaque-debug 0.2.3 (registry+https://github.com/rust-lang/crates.io-index)" = "2839e79665f131bdb5782e51f2c6c9599c133c6098982a54c794358bf432529c"
"checksum opaque-debug 0.3.0 (registry+https://github.com/rust-lang/crates.io-index)" = "624a8340c38c1b80fd549087862da4ba43e08858af025b236e509b6649fc13d5"
"checksum ppv-lite86 0.2.8 (registry+https://github.com/rust-lang/crates.io-index)" = "237a5ed80e274dbc66f86bd59c1e25edc039660be53194b5fe0a482e0f2612ea"
"checksum proc-macro2 1.0.18 (registry+https://github.com/rust-lang/crates.io-index)" = "beae6331a816b1f65d04c45b078fd8e6c93e8071771f41b8163255bbd8d7c8fa"
"checksum pulldown-cmark 0.7.1 (registry+https://github.com/rust-lang/crates.io-index)" = "3e142c3b8f49d2200605ee6ba0b1d757310e9e7a72afe78c36ee2ef67300ee00"
"checksum quote 1.0.7 (registry+https://github.com/rust-lang/crates.io-index)" = "aa563d17ecb180e500da1cfd2b028310ac758de548efdd203e18f283af693f37"
"checksum rand 0.7.3 (registry+https://github.com/rust-lang/crates.io-index)" = "6a6b1679d49b24bbfe0c803429aa1874472f50d9b363131f0e89fc356b544d03"
"checksum rand_chacha 0.2.2 (registry+https://github.com/rust-lang/crates.io-index)" = "f4c8ed856279c9737206bf725bf36935d8666ead7aa69b52be55af369d193402"
"checksum rand_core 0.5.1 (registry+https://github.com/rust-lang/crates.io-index)" = "90bde5296fc891b0cef12a6d03ddccc162ce7b2aff54160af9338f8d40df6d19"
"checksum rand_hc 0.2.0 (registry+https://github.com/rust-lang/crates.io-index)" = "ca3129af7b92a17112d59ad498c6f81eaf463253766b90396d39ea7a39d6613c"
"checksum redox_syscall 0.1.56 (registry+https://github.com/rust-lang/crates.io-index)" = "2439c63f3f6139d1b57529d16bc3b8bb855230c8efcc5d3a896c8bea7c3b1e84"
"checksum redox_users 0.3.4 (registry+https://github.com/rust-lang/crates.io-index)" = "09b23093265f8d200fa7b4c2c76297f47e681c655f6f1285a8780d6a022f7431"
"checksum regex 1.3.9 (registry+https://github.com/rust-lang/crates.io-index)" = "9c3780fcf44b193bc4d09f36d2a3c87b251da4a046c87795a0d35f4f927ad8e6"
"checksum regex-syntax 0.6.18 (registry+https://github.com/rust-lang/crates.io-index)" = "26412eb97c6b088a6997e05f69403a802a92d520de2f8e63c2b65f9e0f47c4e8"
"checksum remove_dir_all 0.5.3 (registry+https://github.com/rust-lang/crates.io-index)" = "3acd125665422973a33ac9d3dd2df85edad0f4ae9b00dafb1a05e43a9f5ef8e7"
"checksum ring 0.16.15 (registry+https://github.com/rust-lang/crates.io-index)" = "952cd6b98c85bbc30efa1ba5783b8abf12fec8b3287ffa52605b9432313e34e4"
"checksum rust-argon2 0.7.0 (registry+https://github.com/rust-lang/crates.io-index)" = "2bc8af4bda8e1ff4932523b94d3dd20ee30a87232323eda55903ffd71d2fb017"
"checksum rustc-demangle 0.1.16 (registry+https://github.com/rust-lang/crates.io-index)" = "4c691c0e608126e00913e33f0ccf3727d5fc84573623b8d65b2df340b5201783"
"checksum ryu 1.0.5 (registry+https://github.com/rust-lang/crates.io-index)" = "71d301d4193d031abdd79ff7e3dd721168a9572ef3fe51a1517aba235bd8f86e"
"checksum seahash 4.0.1 (registry+https://github.com/rust-lang/crates.io-index)" = "39ee459cae272d224928ca09a1df5406da984f263dc544f9f8bde92a8c3dc916"
"checksum serde 1.0.114 (registry+https://github.com/rust-lang/crates.io-index)" = "5317f7588f0a5078ee60ef675ef96735a1442132dc645eb1d12c018620ed8cd3"
"checksum serde_bytes 0.11.5 (registry+https://github.com/rust-lang/crates.io-index)" = "16ae07dd2f88a366f15bd0632ba725227018c69a1c8550a927324f8eb8368bb9"
"checksum serde_derive 1.0.114 (registry+https://github.com/rust-lang/crates.io-index)" = "2a0be94b04690fbaed37cddffc5c134bf537c8e3329d53e982fe04c374978f8e"
"checksum serde_json 1.0.56 (registry+https://github.com/rust-lang/crates.io-index)" = "3433e879a558dde8b5e8feb2a04899cf34fdde1fafb894687e52105fc1162ac3"
"checksum sha-1 0.9.1 (registry+https://github.com/rust-lang/crates.io-index)" = "170a36ea86c864a3f16dd2687712dd6646f7019f301e57537c7f4dc9f5916770"
"checksum sha1-asm 0.4.4 (registry+https://github.com/rust-lang/crates.io-index)" = "b9dae2289dd5f5dc67fb0f341a5676c5c197415c51ce7345ae1bd0d36a6cbbfc"
"checksum sha2 0.9.1 (registry+https://github.com/rust-lang/crates.io-index)" = "2933378ddfeda7ea26f48c555bdad8bb446bf8a3d17832dc83e380d444cfb8c1"
"checksum sha2-asm 0.5.4 (registry+https://github.com/rust-lang/crates.io-index)" = "92cfa120723b595090343400d71e4921ba4fbc7d0d48718d72c20b3348469678"
"checksum sha3 0.9.1 (registry+https://github.com/rust-lang/crates.io-index)" = "f81199417d4e5de3f04b1e871023acea7389672c4135918f05aa9cbf2f2fa809"
"checksum siphasher 0.3.3 (registry+https://github.com/rust-lang/crates.io-index)" = "fa8f3741c7372e75519bd9346068370c9cdaabcc1f9599cbcf2a2719352286b7"
"checksum spin 0.5.2 (registry+https://github.com/rust-lang/crates.io-index)" = "6e63cff320ae2c57904679ba7cb63280a3dc4613885beafb148ee7bf9aa9042d"
"checksum subtle 2.2.3 (registry+https://github.com/rust-lang/crates.io-index)" = "502d53007c02d7605a05df1c1a73ee436952781653da5d0bf57ad608f66932c1"
"checksum supercow 0.1.0 (registry+https://github.com/rust-lang/crates.io-index)" = "171758edb47aa306a78dfa4ab9aeb5167405bd4e3dc2b64e88f6a84bbe98bd63"
"checksum syn 1.0.33 (registry+https://github.com/rust-lang/crates.io-index)" = "e8d5d96e8cbb005d6959f119f773bfaebb5684296108fb32600c00cde305b2cd"
"checksum tempfile 3.1.0 (registry+https://github.com/rust-lang/crates.io-index)" = "7a6e24d9338a0a5be79593e2fa15a648add6138caa803e2d5bc782c371732ca9"
"checksum term 0.5.2 (registry+https://github.com/rust-lang/crates.io-index)" = "edd106a334b7657c10b7c540a0106114feadeb4dc314513e97df481d5d966f42"
"checksum typenum 1.12.0 (registry+https://github.com/rust-lang/crates.io-index)" = "373c8a200f9e67a0c95e62a4f52fbf80c23b4381c05a17845531982fa99e6b33"
"checksum unicase 2.6.0 (registry+https://github.com/rust-lang/crates.io-index)" = "50f37be617794602aabbeee0be4f259dc1778fabe05e2d67ee8f79326d5cb4f6"
"checksum unicode-xid 0.2.1 (registry+https://github.com/rust-lang/crates.io-index)" = "f7fe0bb3479651439c9112f72b6c505038574c9fbb575ed1bf3b797fa39dd564"
"checksum untrusted 0.7.1 (registry+https://github.com/rust-lang/crates.io-index)" = "a156c684c91ea7d62626509bce3cb4e1d9ed5c4d978f7b4352658f96a4c26b4a"
"checksum version_check 0.9.2 (registry+https://github.com/rust-lang/crates.io-index)" = "b5a972e5669d67ba988ce3dc826706fb0a8b01471c088cb0b6110b805cc36aed"
"checksum wasi 0.9.0+wasi-snapshot-preview1 (registry+https://github.com/rust-lang/crates.io-index)" = "cccddf32554fecc6acb585f82a32a72e28b48f8c4c1883ddfeeeaa96f7d8e519"
"checksum wasm-bindgen 0.2.64 (registry+https://github.com/rust-lang/crates.io-index)" = "6a634620115e4a229108b71bde263bb4220c483b3f07f5ba514ee8d15064c4c2"
"checksum wasm-bindgen-backend 0.2.64 (registry+https://github.com/rust-lang/crates.io-index)" = "3e53963b583d18a5aa3aaae4b4c1cb535218246131ba22a71f05b518098571df"
"checksum wasm-bindgen-macro 0.2.64 (registry+https://github.com/rust-lang/crates.io-index)" = "3fcfd5ef6eec85623b4c6e844293d4516470d8f19cd72d0d12246017eb9060b8"
"checksum wasm-bindgen-macro-support 0.2.64 (registry+https://github.com/rust-lang/crates.io-index)" = "9adff9ee0e94b926ca81b57f57f86d5545cdcb1d259e21ec9bdd95b901754c75"
"checksum wasm-bindgen-shared 0.2.64 (registry+https://github.com/rust-lang/crates.io-index)" = "7f7b90ea6c632dd06fd765d44542e234d5e63d9bb917ecd64d79778a13bd79ae"
"checksum web-sys 0.3.41 (registry+https://github.com/rust-lang/crates.io-index)" = "863539788676619aac1a23e2df3655e96b32b0e05eb72ca34ba045ad573c625d"
"checksum winapi 0.3.9 (registry+https://github.com/rust-lang/crates.io-index)" = "5c839a674fcd7a98952e593242ea400abe93992746761e38641405d28b00f419"
"checksum winapi-i686-pc-windows-gnu 0.4.0 (registry+https://github.com/rust-lang/crates.io-index)" = "ac3b87c63620426dd9b991e5ce0329eff545bccbbb34f3be09ff6fb6ab51b7b6"
"checksum winapi-x86_64-pc-windows-gnu 0.4.0 (registry+https://github.com/rust-lang/crates.io-index)" = "712e227841d057c1ee1cd2fb22fa7e5a5461ae8e48fa2ca79ec42cfc1931183f"
